{
  "requires": true,
  "lockfileVersion": 1,
  "dependencies": {
    "@posva/vuefire-core": {
      "version": "1.0.3",
      "resolved": "https://registry.npmjs.org/@posva/vuefire-core/-/vuefire-core-1.0.3.tgz",
      "integrity": "sha512-XWk789/LyiiIa8J73IWJBtfgvR6gY2eW/GbGHZgE0jBiVAOOMDHxXbusUP4tQt5Rs9VJXov67PDUzT2WHUxlKg=="
    }
  }
}
